
Microsoft Visual Studio Solution File, Format Version 12.00
# Visual Studio Version 16
VisualStudioVersion = 16.0.29905.134
MinimumVisualStudioVersion = 10.0.40219.1
Project("{9A19103F-16F7-4668-BE54-9A1E7A4F7556}") = "WebApplication2", "WebApplication2\WebApplication2.csproj", "{8ED75C02-B2A9-42DC-84DE-8E50C7D3FEED}"
EndProject
Global
	GlobalSection(SolutionConfigurationPlatforms) = preSolution
		Debug|Any CPU = Debug|Any CPU
		Release|Any CPU = Release|Any CPU
	EndGlobalSection
	GlobalSection(ProjectConfigurationPlatforms) = postSolution
		{8ED75C02-B2A9-42DC-84DE-8E50C7D3FEED}.Debug|Any CPU.ActiveCfg = Debug|Any CPU
		{8ED75C02-B2A9-42DC-84DE-8E50C7D3FEED}.Debug|Any CPU.Build.0 = Debug|Any CPU
		{8ED75C02-B2A9-42DC-84DE-8E50C7D3FEED}.Release|Any CPU.ActiveCfg = Release|Any CPU
		{8ED75C02-B2A9-42DC-84DE-8E50C7D3FEED}.Release|Any CPU.Build.0 = Release|Any CPU
	EndGlobalSection
	GlobalSection(SolutionProperties) = preSolution
		HideSolutionNode = FALSE
	EndGlobalSection
	GlobalSection(ExtensibilityGlobals) = postSolution
		SolutionGuid = {E4E3FAE5-797B-487D-A8CD-479ADEFF8CC2}
	EndGlobalSection
EndGlobal
